# THIS IS AN AUTOGENERATED FILE. DO NOT EDIT THIS FILE DIRECTLY.
# yarn lockfile v1


acorn-walk@^8.2.0:
  version "8.2.0"
  resolved "https://registry.yarnpkg.com/acorn-walk/-/acorn-walk-8.2.0.tgz#741210f2e2426454508853a2f44d0ab83b7f69c1"
  integrity sha512-k+iyHEuPgSw6SbuDpGQM+06HQUa04DZ3o+F6CSzXMvvI5KMvnaEqXe+YVe555R9nn6GPt404fos4wcgpw12SDA==

acorn@^8.7.0:
  version "8.8.1"
  resolved "https://registry.yarnpkg.com/acorn/-/acorn-8.8.1.tgz#0a3f9cbecc4ec3bea6f0a80b66ae8dd2da250b73"
  integrity sha512-7zFpHzhnqYKrkYdUjF1HI1bzd0VygEGX8lFk4k5zVMqHEoES+P+7TKI+EvLO9WVMJ8eekdO0aDEK044xTXwPPA==

vm2@^3.9.13:
  version "3.9.13"
  resolved "https://registry.yarnpkg.com/vm2/-/vm2-3.9.13.tgz#774a1a3d73b9b90b1aa45bcc5f25e349f2eef649"
  integrity sha512-0rvxpB8P8Shm4wX2EKOiMp7H2zq+HUE/UwodY0pCZXs9IffIKZq6vUti5OgkVCTakKo9e/fgO4X1fkwfjWxE3Q==
  dependencies:
    acorn "^8.7.0"
    acorn-walk "^8.2.0"
